{
  "version": 4,
  "terraform_version": "1.14.3",
  "serial": 9,
  "lineage": "52dc75a4-ad1b-b0a3-5584-299ff4b7e7c6",
  "outputs": {
    "nsg_ids": {
      "value": {},
      "type": [
        "object",
        {}
      ]
    },
    "resource_group_name": {
      "value": "madan-test",
      "type": "string"
    },
    "subnet_ids": {
      "value": {
        "vnet1": {
          "cind-aiservice": "/subscriptions/a0b36c09-679f-4dfb-829f-3b6685282dae/resourceGroups/madan-test/providers/Microsoft.Network/virtualNetworks/cind-claims/subnets/cind-aiservice",
          "cind-cosmosdb": "/subscriptions/a0b36c09-679f-4dfb-829f-3b6685282dae/resourceGroups/madan-test/providers/Microsoft.Network/virtualNetworks/cind-claims/subnets/cind-cosmosdb",
          "cind-funtionsapp": "/subscriptions/a0b36c09-679f-4dfb-829f-3b6685282dae/resourceGroups/madan-test/providers/Microsoft.Network/virtualNetworks/cind-claims/subnets/cind-funtionsapp",
          "cind-pvt": "/subscriptions/a0b36c09-679f-4dfb-829f-3b6685282dae/resourceGroups/madan-test/providers/Microsoft.Network/virtualNetworks/cind-claims/subnets/cind-pvt"
        }
      },
      "type": [
        "object",
        {
          "vnet1": [
            "object",
            {
              "cind-aiservice": "string",
              "cind-cosmosdb": "string",
              "cind-funtionsapp": "string",
              "cind-pvt": "string"
            }
          ]
        }
      ]
    },
    "vnet_ids": {
      "value": {
        "vnet1": "/subscriptions/a0b36c09-679f-4dfb-829f-3b6685282dae/resourceGroups/madan-test/providers/Microsoft.Network/virtualNetworks/cind-claims"
      },
      "type": [
        "object",
        {
          "vnet1": "string"
        }
      ]
    }
  },
  "resources": [
    {
      "mode": "data",
      "type": "azurerm_client_config",
      "name": "current",
      "provider": "provider[\"registry.terraform.io/hashicorp/azurerm\"]",
      "instances": [
        {
          "schema_version": 0,
          "attributes": {
            "client_id": "3a2394a7-e7a3-435f-83d9-116a2e6ddab5",
            "id": "Y2xpZW50Q29uZmlncy9jbGllbnRJZD0zYTIzOTRhNy1lN2EzLTQzNWYtODNkOS0xMTZhMmU2ZGRhYjU7b2JqZWN0SWQ9YjAwNDlmOTMtNDU3OS00ZDY2LTljZmEtYjI0ZGM4YzIxYjkwO3N1YnNjcmlwdGlvbklkPWEwYjM2YzA5LTY3OWYtNGRmYi04MjlmLTNiNjY4NTI4MmRhZTt0ZW5hbnRJZD0xNmIzYzAxMy1kMzAwLTQ2OGQtYWM2NC03ZWRhMDgyMGI2ZDM=",
            "object_id": "b0049f93-4579-4d66-9cfa-b24dc8c21b90",
            "subscription_id": "a0b36c09-679f-4dfb-829f-3b6685282dae",
            "tenant_id": "16b3c013-d300-468d-ac64-7eda0820b6d3",
            "timeouts": null
          },
          "sensitive_attributes": [],
          "identity_schema_version": 0
        }
      ]
    },
    {
      "mode": "data",
      "type": "azurerm_resource_group",
      "name": "rg",
      "provider": "provider[\"registry.terraform.io/hashicorp/azurerm\"]",
      "instances": [
        {
          "index_key": 0,
          "schema_version": 0,
          "attributes": {
            "id": "/subscriptions/a0b36c09-679f-4dfb-829f-3b6685282dae/resourceGroups/madan-test",
            "location": "centralindia",
            "managed_by": "",
            "name": "madan-test",
            "tags": {},
            "timeouts": null
          },
          "sensitive_attributes": [],
          "identity_schema_version": 0
        }
      ]
    },
    {
      "module": "module.privatednszone",
      "mode": "managed",
      "type": "azapi_resource",
      "name": "private_dns_zone",
      "provider": "provider[\"registry.terraform.io/azure/azapi\"]",
      "instances": [
        {
          "schema_version": 2,
          "attributes": {
            "body": null,
            "create_headers": null,
            "create_query_parameters": null,
            "delete_headers": null,
            "delete_query_parameters": null,
            "id": "/subscriptions/a0b36c09-679f-4dfb-829f-3b6685282dae/resourceGroups/madan-test/providers/Microsoft.Network/privateDnsZones/privatelink.vaultcore.azure.net",
            "identity": [],
            "ignore_casing": false,
            "ignore_missing_property": true,
            "ignore_null_property": false,
            "location": "global",
            "locks": null,
            "name": "privatelink.vaultcore.azure.net",
            "output": {
              "value": {
                "id": "/subscriptions/a0b36c09-679f-4dfb-829f-3b6685282dae/resourceGroups/madan-test/providers/Microsoft.Network/privateDnsZones/privatelink.vaultcore.azure.net",
                "location": "global",
                "name": "privatelink.vaultcore.azure.net",
                "numberOfRecordSets": 1,
                "numberOfVirtualNetworkLinks": 0,
                "numberOfVirtualNetworkLinksWithRegistration": 0,
                "tags": null,
                "type": "Microsoft.Network/privateDnsZones"
              },
              "type": [
                "object",
                {
                  "id": "string",
                  "location": "string",
                  "name": "string",
                  "numberOfRecordSets": "number",
                  "numberOfVirtualNetworkLinks": "number",
                  "numberOfVirtualNetworkLinksWithRegistration": "number",
                  "tags": "dynamic",
                  "type": "string"
                }
              ]
            },
            "parent_id": "/subscriptions/a0b36c09-679f-4dfb-829f-3b6685282dae/resourceGroups/madan-test",
            "read_headers": null,
            "read_query_parameters": null,
            "replace_triggers_external_values": null,
            "replace_triggers_refs": null,
            "response_export_values": {
              "value": {
                "id": "id",
                "location": "location",
                "name": "name",
                "numberOfRecordSets": "properties.numberOfRecordSets",
                "numberOfVirtualNetworkLinks": "properties.numberOfVirtualNetworkLinks",
                "numberOfVirtualNetworkLinksWithRegistration": "properties.numberOfVirtualNetworkLinksWithRegistration",
                "tags": "tags",
                "type": "type"
              },
              "type": [
                "object",
                {
                  "id": "string",
                  "location": "string",
                  "name": "string",
                  "numberOfRecordSets": "string",
                  "numberOfVirtualNetworkLinks": "string",
                  "numberOfVirtualNetworkLinksWithRegistration": "string",
                  "tags": "string",
                  "type": "string"
                }
              ]
            },
            "retry": {
              "error_message_regex": [
                "ReferencedResourceNotProvisioned",
                "CannotDeleteResource"
              ],
              "interval_seconds": 10,
              "max_interval_seconds": 180,
              "multiplier": 1.5,
              "randomization_factor": 0.5
            },
            "schema_validation_enabled": true,
            "sensitive_body": null,
            "sensitive_body_version": null,
            "tags": null,
            "timeouts": {
              "create": "30m",
              "delete": "30m",
              "read": "5m",
              "update": "30m"
            },
            "type": "Microsoft.Network/privateDnsZones@2024-06-01",
            "update_headers": null,
            "update_query_parameters": null
          },
          "sensitive_attributes": [],
          "identity_schema_version": 0,
          "identity": {
            "id": "/subscriptions/a0b36c09-679f-4dfb-829f-3b6685282dae/resourceGroups/madan-test/providers/Microsoft.Network/privateDnsZones/privatelink.vaultcore.azure.net",
            "type": null
          },
          "private": "eyJzZW5zaXRpdmVfYm9keSI6ImV5Sm9ZWE5vSWpvaVpFTk9UMjFMTDI1VFdTc3hNblpJZW1GelRGaHBjM2Q2YkVkVU5WVklRVGRxUVVkWmEzWnRRM1ZSY3owaWZRPT0ifQ==",
          "dependencies": [
            "data.azurerm_resource_group.rg",
            "module.privatednszone.data.modtm_module_source.telemetry",
            "module.privatednszone.random_uuid.telemetry",
            "module.rg.azurerm_management_lock.this",
            "module.rg.azurerm_resource_group.this",
            "module.rg.azurerm_role_assignment.this",
            "module.rg.data.azurerm_client_config.telemetry",
            "module.rg.data.azurerm_subscription.current",
            "module.rg.data.modtm_module_source.telemetry",
            "module.rg.modtm_telemetry.telemetry",
            "module.rg.random_uuid.telemetry"
          ]
        }
      ]
    },
    {
      "module": "module.vnet[\"vnet1\"]",
      "mode": "data",
      "type": "azurerm_client_config",
      "name": "this",
      "provider": "provider[\"registry.terraform.io/hashicorp/azurerm\"]",
      "instances": [
        {
          "schema_version": 0,
          "attributes": {
            "client_id": "3a2394a7-e7a3-435f-83d9-116a2e6ddab5",
            "id": "Y2xpZW50Q29uZmlncy9jbGllbnRJZD0zYTIzOTRhNy1lN2EzLTQzNWYtODNkOS0xMTZhMmU2ZGRhYjU7b2JqZWN0SWQ9YjAwNDlmOTMtNDU3OS00ZDY2LTljZmEtYjI0ZGM4YzIxYjkwO3N1YnNjcmlwdGlvbklkPWEwYjM2YzA5LTY3OWYtNGRmYi04MjlmLTNiNjY4NTI4MmRhZTt0ZW5hbnRJZD0xNmIzYzAxMy1kMzAwLTQ2OGQtYWM2NC03ZWRhMDgyMGI2ZDM=",
            "object_id": "b0049f93-4579-4d66-9cfa-b24dc8c21b90",
            "subscription_id": "a0b36c09-679f-4dfb-829f-3b6685282dae",
            "tenant_id": "16b3c013-d300-468d-ac64-7eda0820b6d3",
            "timeouts": null
          },
          "sensitive_attributes": [],
          "identity_schema_version": 0
        }
      ]
    },
    {
      "module": "module.vnet[\"vnet1\"]",
      "mode": "managed",
      "type": "azapi_resource",
      "name": "vnet",
      "provider": "provider[\"registry.terraform.io/azure/azapi\"]",
      "instances": [
        {
          "schema_version": 2,
          "attributes": {
            "body": {
              "value": {
                "extendedLocation": null,
                "properties": {
                  "addressSpace": {
                    "addressPrefixes": [
                      "100.122.96.0/24"
                    ]
                  },
                  "bgpCommunities": null,
                  "ddosProtectionPlan": null,
                  "dhcpOptions": {
                    "dnsServers": [
                      "168.63.129.16"
                    ]
                  },
                  "enableDdosProtection": false,
                  "enableVmProtection": false,
                  "encryption": null,
                  "flowTimeoutInMinutes": null
                }
              },
              "type": [
                "object",
                {
                  "extendedLocation": [
                    "object",
                    {
                      "name": "dynamic",
                      "type": "dynamic"
                    }
                  ],
                  "properties": [
                    "object",
                    {
                      "addressSpace": [
                        "object",
                        {
                          "addressPrefixes": [
                            "set",
                            "string"
                          ]
                        }
                      ],
                      "bgpCommunities": [
                        "object",
                        {
                          "virtualNetworkCommunity": "string"
                        }
                      ],
                      "ddosProtectionPlan": [
                        "object",
                        {
                          "id": "dynamic"
                        }
                      ],
                      "dhcpOptions": [
                        "object",
                        {
                          "dnsServers": [
                            "set",
                            "string"
                          ]
                        }
                      ],
                      "enableDdosProtection": "bool",
                      "enableVmProtection": "bool",
                      "encryption": [
                        "object",
                        {
                          "enabled": "dynamic",
                          "enforcement": "dynamic"
                        }
                      ],
                      "flowTimeoutInMinutes": "number"
                    }
                  ]
                }
              ]
            },
            "create_headers": null,
            "create_query_parameters": null,
            "delete_headers": null,
            "delete_query_parameters": null,
            "id": "/subscriptions/a0b36c09-679f-4dfb-829f-3b6685282dae/resourceGroups/madan-test/providers/Microsoft.Network/virtualNetworks/cind-claims",
            "identity": [],
            "ignore_casing": false,
            "ignore_missing_property": true,
            "ignore_null_property": false,
            "location": "centralindia",
            "locks": null,
            "name": "cind-claims",
            "output": {
              "value": {
                "id": "/subscriptions/a0b36c09-679f-4dfb-829f-3b6685282dae/resourceGroups/madan-test/providers/Microsoft.Network/virtualNetworks/cind-claims",
                "properties": {
                  "addressSpace": {
                    "addressPrefixes": [
                      "100.122.96.0/24"
                    ]
                  },
                  "dhcpOptions": {
                    "dnsServers": [
                      "168.63.129.16"
                    ]
                  },
                  "provisioningState": "Succeeded",
                  "resourceGuid": "e723ef0f-cc96-476e-910a-0de5cfefb8e6",
                  "subnets": [
                    {
                      "properties": {
                        "addressPrefixes": [
                          "100.122.96.64/28"
                        ],
                        "delegations": [
                          {
                            "properties": {
                              "actions": [
                                "Microsoft.Network/virtualNetworks/subnets/action"
                              ],
                              "provisioningState": "Succeeded"
                            }
                          }
                        ],
                        "provisioningState": "Succeeded",
                        "serviceEndpoints": [
                          {
                            "locations": [
                              "centralindia",
                              "southindia"
                            ],
                            "provisioningState": "Succeeded"
                          },
                          {
                            "locations": [
                              "*"
                            ],
                            "provisioningState": "Succeeded"
                          }
                        ]
                      }
                    },
                    {
                      "properties": {
                        "addressPrefixes": [
                          "100.122.96.32/28"
                        ],
                        "provisioningState": "Succeeded",
                        "serviceEndpoints": [
                          {
                            "locations": [
                              "*"
                            ],
                            "provisioningState": "Succeeded"
                          }
                        ]
                      }
                    },
                    {
                      "properties": {
                        "addressPrefixes": [
                          "100.122.96.0/27"
                        ],
                        "provisioningState": "Succeeded",
                        "serviceEndpoints": [
                          {
                            "locations": [
                              "*"
                            ],
                            "provisioningState": "Succeeded"
                          },
                          {
                            "locations": [
                              "centralindia",
                              "southindia"
                            ],
                            "provisioningState": "Succeeded"
                          }
                        ]
                      }
                    },
                    {
                      "properties": {
                        "addressPrefixes": [
                          "100.122.96.48/28"
                        ],
                        "provisioningState": "Succeeded"
                      }
                    }
                  ]
                },
                "tags": {
                  "created_by": "terraform"
                },
                "type": "Microsoft.Network/virtualNetworks"
              },
              "type": [
                "object",
                {
                  "id": "string",
                  "properties": [
                    "object",
                    {
                      "addressSpace": [
                        "object",
                        {
                          "addressPrefixes": [
                            "tuple",
                            [
                              "string"
                            ]
                          ]
                        }
                      ],
                      "dhcpOptions": [
                        "object",
                        {
                          "dnsServers": [
                            "tuple",
                            [
                              "string"
                            ]
                          ]
                        }
                      ],
                      "provisioningState": "string",
                      "resourceGuid": "string",
                      "subnets": [
                        "tuple",
                        [
                          [
                            "object",
                            {
                              "properties": [
                                "object",
                                {
                                  "addressPrefixes": [
                                    "tuple",
                                    [
                                      "string"
                                    ]
                                  ],
                                  "delegations": [
                                    "tuple",
                                    [
                                      [
                                        "object",
                                        {
                                          "properties": [
                                            "object",
                                            {
                                              "actions": [
                                                "tuple",
                                                [
                                                  "string"
                                                ]
                                              ],
                                              "provisioningState": "string"
                                            }
                                          ]
                                        }
                                      ]
                                    ]
                                  ],
                                  "provisioningState": "string",
                                  "serviceEndpoints": [
                                    "tuple",
                                    [
                                      [
                                        "object",
                                        {
                                          "locations": [
                                            "tuple",
                                            [
                                              "string",
                                              "string"
                                            ]
                                          ],
                                          "provisioningState": "string"
                                        }
                                      ],
                                      [
                                        "object",
                                        {
                                          "locations": [
                                            "tuple",
                                            [
                                              "string"
                                            ]
                                          ],
                                          "provisioningState": "string"
                                        }
                                      ]
                                    ]
                                  ]
                                }
                              ]
                            }
                          ],
                          [
                            "object",
                            {
                              "properties": [
                                "object",
                                {
                                  "addressPrefixes": [
                                    "tuple",
                                    [
                                      "string"
                                    ]
                                  ],
                                  "provisioningState": "string",
                                  "serviceEndpoints": [
                                    "tuple",
                                    [
                                      [
                                        "object",
                                        {
                                          "locations": [
                                            "tuple",
                                            [
                                              "string"
                                            ]
                                          ],
                                          "provisioningState": "string"
                                        }
                                      ]
                                    ]
                                  ]
                                }
                              ]
                            }
                          ],
                          [
                            "object",
                            {
                              "properties": [
                                "object",
                                {
                                  "addressPrefixes": [
                                    "tuple",
                                    [
                                      "string"
                                    ]
                                  ],
                                  "provisioningState": "string",
                                  "serviceEndpoints": [
                                    "tuple",
                                    [
                                      [
                                        "object",
                                        {
                                          "locations": [
                                            "tuple",
                                            [
                                              "string"
                                            ]
                                          ],
                                          "provisioningState": "string"
                                        }
                                      ],
                                      [
                                        "object",
                                        {
                                          "locations": [
                                            "tuple",
                                            [
                                              "string",
                                              "string"
                                            ]
                                          ],
                                          "provisioningState": "string"
                                        }
                                      ]
                                    ]
                                  ]
                                }
                              ]
                            }
                          ],
                          [
                            "object",
                            {
                              "properties": [
                                "object",
                                {
                                  "addressPrefixes": [
                                    "tuple",
                                    [
                                      "string"
                                    ]
                                  ],
                                  "provisioningState": "string"
                                }
                              ]
                            }
                          ]
                        ]
                      ]
                    }
                  ],
                  "tags": [
                    "object",
                    {
                      "created_by": "string"
                    }
                  ],
                  "type": "string"
                }
              ]
            },
            "parent_id": "/subscriptions/a0b36c09-679f-4dfb-829f-3b6685282dae/resourceGroups/madan-test",
            "read_headers": null,
            "read_query_parameters": null,
            "replace_triggers_external_values": null,
            "replace_triggers_refs": null,
            "response_export_values": null,
            "retry": null,
            "schema_validation_enabled": true,
            "sensitive_body": null,
            "sensitive_body_version": null,
            "tags": {
              "created_by": "terraform"
            },
            "timeouts": null,
            "type": "Microsoft.Network/virtualNetworks@2023-11-01",
            "update_headers": null,
            "update_query_parameters": null
          },
          "sensitive_attributes": [],
          "identity_schema_version": 0,
          "identity": {
            "id": "/subscriptions/a0b36c09-679f-4dfb-829f-3b6685282dae/resourceGroups/madan-test/providers/Microsoft.Network/virtualNetworks/cind-claims",
            "type": null
          },
          "private": "eyJzZW5zaXRpdmVfYm9keSI6ImV5Sm9ZWE5vSWpvaVpFTk9UMjFMTDI1VFdTc3hNblpJZW1GelRGaHBjM2Q2YkVkVU5WVklRVGRxUVVkWmEzWnRRM1ZSY3owaWZRPT0ifQ==",
          "dependencies": [
            "data.azurerm_resource_group.rg",
            "module.rg.azurerm_management_lock.this",
            "module.rg.azurerm_resource_group.this",
            "module.rg.azurerm_role_assignment.this",
            "module.rg.data.azurerm_client_config.telemetry",
            "module.rg.data.azurerm_subscription.current",
            "module.rg.data.modtm_module_source.telemetry",
            "module.rg.modtm_telemetry.telemetry",
            "module.rg.random_uuid.telemetry",
            "module.vnet.azapi_update_resource.allow_drop_unencrypted_vnet",
            "module.vnet.data.azurerm_client_config.this"
          ]
        }
      ]
    },
    {
      "module": "module.vnet[\"vnet1\"].module.subnet[\"cind-aiservice\"]",
      "mode": "managed",
      "type": "azapi_resource",
      "name": "subnet",
      "provider": "provider[\"registry.terraform.io/azure/azapi\"]",
      "instances": [
        {
          "schema_version": 2,
          "attributes": {
            "body": {
              "value": {
                "properties": {
                  "addressPrefix": null,
                  "addressPrefixes": [
                    "100.122.96.48/28"
                  ],
                  "defaultOutboundAccess": false,
                  "delegations": [],
                  "natGateway": null,
                  "networkSecurityGroup": null,
                  "privateEndpointNetworkPolicies": "Enabled",
                  "privateLinkServiceNetworkPolicies": "Enabled",
                  "routeTable": null,
                  "serviceEndpointPolicies": null,
                  "serviceEndpoints": null,
                  "sharingScope": null
                }
              },
              "type": [
                "object",
                {
                  "properties": [
                    "object",
                    {
                      "addressPrefix": "string",
                      "addressPrefixes": [
                        "list",
                        "string"
                      ],
                      "defaultOutboundAccess": "bool",
                      "delegations": [
                        "tuple",
                        []
                      ],
                      "natGateway": [
                        "object",
                        {
                          "id": "dynamic"
                        }
                      ],
                      "networkSecurityGroup": [
                        "object",
                        {
                          "id": "dynamic"
                        }
                      ],
                      "privateEndpointNetworkPolicies": "string",
                      "privateLinkServiceNetworkPolicies": "string",
                      "routeTable": [
                        "object",
                        {
                          "id": "dynamic"
                        }
                      ],
                      "serviceEndpointPolicies": "dynamic",
                      "serviceEndpoints": "dynamic",
                      "sharingScope": "string"
                    }
                  ]
                }
              ]
            },
            "create_headers": null,
            "create_query_parameters": null,
            "delete_headers": null,
            "delete_query_parameters": null,
            "id": "/subscriptions/a0b36c09-679f-4dfb-829f-3b6685282dae/resourceGroups/madan-test/providers/Microsoft.Network/virtualNetworks/cind-claims/subnets/cind-aiservice",
            "identity": [],
            "ignore_casing": false,
            "ignore_missing_property": true,
            "ignore_null_property": false,
            "location": null,
            "locks": [
              "/subscriptions/a0b36c09-679f-4dfb-829f-3b6685282dae/resourceGroups/madan-test/providers/Microsoft.Network/virtualNetworks/cind-claims"
            ],
            "name": "cind-aiservice",
            "output": {
              "value": {
                "id": "/subscriptions/a0b36c09-679f-4dfb-829f-3b6685282dae/resourceGroups/madan-test/providers/Microsoft.Network/virtualNetworks/cind-claims/subnets/cind-aiservice",
                "properties": {
                  "addressPrefixes": [
                    "100.122.96.48/28"
                  ],
                  "provisioningState": "Succeeded"
                },
                "type": "Microsoft.Network/virtualNetworks/subnets"
              },
              "type": [
                "object",
                {
                  "id": "string",
                  "properties": [
                    "object",
                    {
                      "addressPrefixes": [
                        "tuple",
                        [
                          "string"
                        ]
                      ],
                      "provisioningState": "string"
                    }
                  ],
                  "type": "string"
                }
              ]
            },
            "parent_id": "/subscriptions/a0b36c09-679f-4dfb-829f-3b6685282dae/resourceGroups/madan-test/providers/Microsoft.Network/virtualNetworks/cind-claims",
            "read_headers": null,
            "read_query_parameters": null,
            "replace_triggers_external_values": null,
            "replace_triggers_refs": null,
            "response_export_values": null,
            "retry": null,
            "schema_validation_enabled": true,
            "sensitive_body": null,
            "sensitive_body_version": null,
            "tags": null,
            "timeouts": null,
            "type": "Microsoft.Network/virtualNetworks/subnets@2023-11-01",
            "update_headers": null,
            "update_query_parameters": null
          },
          "sensitive_attributes": [],
          "identity_schema_version": 0,
          "identity": {
            "id": "/subscriptions/a0b36c09-679f-4dfb-829f-3b6685282dae/resourceGroups/madan-test/providers/Microsoft.Network/virtualNetworks/cind-claims/subnets/cind-aiservice",
            "type": null
          },
          "private": "eyJzZW5zaXRpdmVfYm9keSI6ImV5Sm9ZWE5vSWpvaVpFTk9UMjFMTDI1VFdTc3hNblpJZW1GelRGaHBjM2Q2YkVkVU5WVklRVGRxUVVkWmEzWnRRM1ZSY3owaWZRPT0ifQ==",
          "dependencies": [
            "data.azurerm_network_security_group.existing",
            "data.azurerm_resource_group.rg",
            "module.nsg.azurerm_management_lock.this",
            "module.nsg.azurerm_monitor_diagnostic_setting.this",
            "module.nsg.azurerm_network_security_group.this",
            "module.nsg.azurerm_network_security_rule.this",
            "module.nsg.azurerm_role_assignment.this",
            "module.nsg.data.azurerm_client_config.telemetry",
            "module.nsg.data.modtm_module_source.telemetry",
            "module.nsg.modtm_telemetry.telemetry",
            "module.nsg.random_uuid.telemetry",
            "module.rg.azurerm_management_lock.this",
            "module.rg.azurerm_resource_group.this",
            "module.rg.azurerm_role_assignment.this",
            "module.rg.data.azurerm_client_config.telemetry",
            "module.rg.data.azurerm_subscription.current",
            "module.rg.data.modtm_module_source.telemetry",
            "module.rg.modtm_telemetry.telemetry",
            "module.rg.random_uuid.telemetry",
            "module.vnet.azapi_resource.vnet",
            "module.vnet.azapi_update_resource.allow_drop_unencrypted_vnet",
            "module.vnet.data.azurerm_client_config.this",
            "module.vnet.module.subnet.azapi_update_resource.allow_deletion_of_ip_prefix_from_subnet",
            "module.vnet.module.subnet.azapi_update_resource.allow_multiple_address_prefixes_on_subnet",
            "module.vnet.module.subnet.azapi_update_resource.enable_shared_vnet"
          ]
        }
      ]
    },
    {
      "module": "module.vnet[\"vnet1\"].module.subnet[\"cind-cosmosdb\"]",
      "mode": "managed",
      "type": "azapi_resource",
      "name": "subnet",
      "provider": "provider[\"registry.terraform.io/azure/azapi\"]",
      "instances": [
        {
          "schema_version": 2,
          "attributes": {
            "body": {
              "value": {
                "properties": {
                  "addressPrefix": null,
                  "addressPrefixes": [
                    "100.122.96.32/28"
                  ],
                  "defaultOutboundAccess": false,
                  "delegations": [],
                  "natGateway": null,
                  "networkSecurityGroup": null,
                  "privateEndpointNetworkPolicies": "Enabled",
                  "privateLinkServiceNetworkPolicies": "Enabled",
                  "routeTable": null,
                  "serviceEndpointPolicies": null,
                  "serviceEndpoints": [
                    {
                      "service": "Microsoft.AzureCosmosDB"
                    }
                  ],
                  "sharingScope": null
                }
              },
              "type": [
                "object",
                {
                  "properties": [
                    "object",
                    {
                      "addressPrefix": "string",
                      "addressPrefixes": [
                        "list",
                        "string"
                      ],
                      "defaultOutboundAccess": "bool",
                      "delegations": [
                        "tuple",
                        []
                      ],
                      "natGateway": [
                        "object",
                        {
                          "id": "dynamic"
                        }
                      ],
                      "networkSecurityGroup": [
                        "object",
                        {
                          "id": "dynamic"
                        }
                      ],
                      "privateEndpointNetworkPolicies": "string",
                      "privateLinkServiceNetworkPolicies": "string",
                      "routeTable": [
                        "object",
                        {
                          "id": "dynamic"
                        }
                      ],
                      "serviceEndpointPolicies": "dynamic",
                      "serviceEndpoints": [
                        "tuple",
                        [
                          [
                            "object",
                            {
                              "service": "string"
                            }
                          ]
                        ]
                      ],
                      "sharingScope": "string"
                    }
                  ]
                }
              ]
            },
            "create_headers": null,
            "create_query_parameters": null,
            "delete_headers": null,
            "delete_query_parameters": null,
            "id": "/subscriptions/a0b36c09-679f-4dfb-829f-3b6685282dae/resourceGroups/madan-test/providers/Microsoft.Network/virtualNetworks/cind-claims/subnets/cind-cosmosdb",
            "identity": [],
            "ignore_casing": false,
            "ignore_missing_property": true,
            "ignore_null_property": false,
            "location": null,
            "locks": [
              "/subscriptions/a0b36c09-679f-4dfb-829f-3b6685282dae/resourceGroups/madan-test/providers/Microsoft.Network/virtualNetworks/cind-claims"
            ],
            "name": "cind-cosmosdb",
            "output": {
              "value": {
                "id": "/subscriptions/a0b36c09-679f-4dfb-829f-3b6685282dae/resourceGroups/madan-test/providers/Microsoft.Network/virtualNetworks/cind-claims/subnets/cind-cosmosdb",
                "properties": {
                  "addressPrefixes": [
                    "100.122.96.32/28"
                  ],
                  "provisioningState": "Succeeded",
                  "serviceEndpoints": [
                    {
                      "locations": [
                        "*"
                      ],
                      "provisioningState": "Succeeded"
                    }
                  ]
                },
                "type": "Microsoft.Network/virtualNetworks/subnets"
              },
              "type": [
                "object",
                {
                  "id": "string",
                  "properties": [
                    "object",
                    {
                      "addressPrefixes": [
                        "tuple",
                        [
                          "string"
                        ]
                      ],
                      "provisioningState": "string",
                      "serviceEndpoints": [
                        "tuple",
                        [
                          [
                            "object",
                            {
                              "locations": [
                                "tuple",
                                [
                                  "string"
                                ]
                              ],
                              "provisioningState": "string"
                            }
                          ]
                        ]
                      ]
                    }
                  ],
                  "type": "string"
                }
              ]
            },
            "parent_id": "/subscriptions/a0b36c09-679f-4dfb-829f-3b6685282dae/resourceGroups/madan-test/providers/Microsoft.Network/virtualNetworks/cind-claims",
            "read_headers": null,
            "read_query_parameters": null,
            "replace_triggers_external_values": null,
            "replace_triggers_refs": null,
            "response_export_values": null,
            "retry": null,
            "schema_validation_enabled": true,
            "sensitive_body": null,
            "sensitive_body_version": null,
            "tags": null,
            "timeouts": null,
            "type": "Microsoft.Network/virtualNetworks/subnets@2023-11-01",
            "update_headers": null,
            "update_query_parameters": null
          },
          "sensitive_attributes": [],
          "identity_schema_version": 0,
          "identity": {
            "id": "/subscriptions/a0b36c09-679f-4dfb-829f-3b6685282dae/resourceGroups/madan-test/providers/Microsoft.Network/virtualNetworks/cind-claims/subnets/cind-cosmosdb",
            "type": null
          },
          "private": "eyJzZW5zaXRpdmVfYm9keSI6ImV5Sm9ZWE5vSWpvaVpFTk9UMjFMTDI1VFdTc3hNblpJZW1GelRGaHBjM2Q2YkVkVU5WVklRVGRxUVVkWmEzWnRRM1ZSY3owaWZRPT0ifQ==",
          "dependencies": [
            "data.azurerm_network_security_group.existing",
            "data.azurerm_resource_group.rg",
            "module.nsg.azurerm_management_lock.this",
            "module.nsg.azurerm_monitor_diagnostic_setting.this",
            "module.nsg.azurerm_network_security_group.this",
            "module.nsg.azurerm_network_security_rule.this",
            "module.nsg.azurerm_role_assignment.this",
            "module.nsg.data.azurerm_client_config.telemetry",
            "module.nsg.data.modtm_module_source.telemetry",
            "module.nsg.modtm_telemetry.telemetry",
            "module.nsg.random_uuid.telemetry",
            "module.rg.azurerm_management_lock.this",
            "module.rg.azurerm_resource_group.this",
            "module.rg.azurerm_role_assignment.this",
            "module.rg.data.azurerm_client_config.telemetry",
            "module.rg.data.azurerm_subscription.current",
            "module.rg.data.modtm_module_source.telemetry",
            "module.rg.modtm_telemetry.telemetry",
            "module.rg.random_uuid.telemetry",
            "module.vnet.azapi_resource.vnet",
            "module.vnet.azapi_update_resource.allow_drop_unencrypted_vnet",
            "module.vnet.data.azurerm_client_config.this",
            "module.vnet.module.subnet.azapi_update_resource.allow_deletion_of_ip_prefix_from_subnet",
            "module.vnet.module.subnet.azapi_update_resource.allow_multiple_address_prefixes_on_subnet",
            "module.vnet.module.subnet.azapi_update_resource.enable_shared_vnet"
          ]
        }
      ]
    },
    {
      "module": "module.vnet[\"vnet1\"].module.subnet[\"cind-funtionsapp\"]",
      "mode": "managed",
      "type": "azapi_resource",
      "name": "subnet",
      "provider": "provider[\"registry.terraform.io/azure/azapi\"]",
      "instances": [
        {
          "schema_version": 2,
          "attributes": {
            "body": {
              "value": {
                "properties": {
                  "addressPrefix": null,
                  "addressPrefixes": [
                    "100.122.96.64/28"
                  ],
                  "defaultOutboundAccess": false,
                  "delegations": [
                    {
                      "name": "functionapp",
                      "properties": {
                        "serviceName": "Microsoft.Web/serverFarms"
                      }
                    }
                  ],
                  "natGateway": null,
                  "networkSecurityGroup": null,
                  "privateEndpointNetworkPolicies": "Enabled",
                  "privateLinkServiceNetworkPolicies": "Enabled",
                  "routeTable": null,
                  "serviceEndpointPolicies": null,
                  "serviceEndpoints": [
                    {
                      "service": "Microsoft.Storage"
                    },
                    {
                      "service": "Microsoft.Web"
                    }
                  ],
                  "sharingScope": null
                }
              },
              "type": [
                "object",
                {
                  "properties": [
                    "object",
                    {
                      "addressPrefix": "string",
                      "addressPrefixes": [
                        "list",
                        "string"
                      ],
                      "defaultOutboundAccess": "bool",
                      "delegations": [
                        "list",
                        [
                          "object",
                          {
                            "name": "string",
                            "properties": [
                              "object",
                              {
                                "serviceName": "string"
                              }
                            ]
                          }
                        ]
                      ],
                      "natGateway": [
                        "object",
                        {
                          "id": "dynamic"
                        }
                      ],
                      "networkSecurityGroup": [
                        "object",
                        {
                          "id": "dynamic"
                        }
                      ],
                      "privateEndpointNetworkPolicies": "string",
                      "privateLinkServiceNetworkPolicies": "string",
                      "routeTable": [
                        "object",
                        {
                          "id": "dynamic"
                        }
                      ],
                      "serviceEndpointPolicies": "dynamic",
                      "serviceEndpoints": [
                        "tuple",
                        [
                          [
                            "object",
                            {
                              "service": "string"
                            }
                          ],
                          [
                            "object",
                            {
                              "service": "string"
                            }
                          ]
                        ]
                      ],
                      "sharingScope": "string"
                    }
                  ]
                }
              ]
            },
            "create_headers": null,
            "create_query_parameters": null,
            "delete_headers": null,
            "delete_query_parameters": null,
            "id": "/subscriptions/a0b36c09-679f-4dfb-829f-3b6685282dae/resourceGroups/madan-test/providers/Microsoft.Network/virtualNetworks/cind-claims/subnets/cind-funtionsapp",
            "identity": [],
            "ignore_casing": false,
            "ignore_missing_property": true,
            "ignore_null_property": false,
            "location": null,
            "locks": [
              "/subscriptions/a0b36c09-679f-4dfb-829f-3b6685282dae/resourceGroups/madan-test/providers/Microsoft.Network/virtualNetworks/cind-claims"
            ],
            "name": "cind-funtionsapp",
            "output": {
              "value": {
                "id": "/subscriptions/a0b36c09-679f-4dfb-829f-3b6685282dae/resourceGroups/madan-test/providers/Microsoft.Network/virtualNetworks/cind-claims/subnets/cind-funtionsapp",
                "properties": {
                  "addressPrefixes": [
                    "100.122.96.64/28"
                  ],
                  "delegations": [
                    {
                      "properties": {
                        "actions": [
                          "Microsoft.Network/virtualNetworks/subnets/action"
                        ],
                        "provisioningState": "Succeeded"
                      }
                    }
                  ],
                  "provisioningState": "Succeeded",
                  "serviceEndpoints": [
                    {
                      "locations": [
                        "centralindia",
                        "southindia"
                      ],
                      "provisioningState": "Succeeded"
                    },
                    {
                      "locations": [
                        "*"
                      ],
                      "provisioningState": "Succeeded"
                    }
                  ]
                },
                "type": "Microsoft.Network/virtualNetworks/subnets"
              },
              "type": [
                "object",
                {
                  "id": "string",
                  "properties": [
                    "object",
                    {
                      "addressPrefixes": [
                        "tuple",
                        [
                          "string"
                        ]
                      ],
                      "delegations": [
                        "tuple",
                        [
                          [
                            "object",
                            {
                              "properties": [
                                "object",
                                {
                                  "actions": [
                                    "tuple",
                                    [
                                      "string"
                                    ]
                                  ],
                                  "provisioningState": "string"
                                }
                              ]
                            }
                          ]
                        ]
                      ],
                      "provisioningState": "string",
                      "serviceEndpoints": [
                        "tuple",
                        [
                          [
                            "object",
                            {
                              "locations": [
                                "tuple",
                                [
                                  "string",
                                  "string"
                                ]
                              ],
                              "provisioningState": "string"
                            }
                          ],
                          [
                            "object",
                            {
                              "locations": [
                                "tuple",
                                [
                                  "string"
                                ]
                              ],
                              "provisioningState": "string"
                            }
                          ]
                        ]
                      ]
                    }
                  ],
                  "type": "string"
                }
              ]
            },
            "parent_id": "/subscriptions/a0b36c09-679f-4dfb-829f-3b6685282dae/resourceGroups/madan-test/providers/Microsoft.Network/virtualNetworks/cind-claims",
            "read_headers": null,
            "read_query_parameters": null,
            "replace_triggers_external_values": null,
            "replace_triggers_refs": null,
            "response_export_values": null,
            "retry": null,
            "schema_validation_enabled": true,
            "sensitive_body": null,
            "sensitive_body_version": null,
            "tags": null,
            "timeouts": null,
            "type": "Microsoft.Network/virtualNetworks/subnets@2023-11-01",
            "update_headers": null,
            "update_query_parameters": null
          },
          "sensitive_attributes": [],
          "identity_schema_version": 0,
          "identity": {
            "id": "/subscriptions/a0b36c09-679f-4dfb-829f-3b6685282dae/resourceGroups/madan-test/providers/Microsoft.Network/virtualNetworks/cind-claims/subnets/cind-funtionsapp",
            "type": null
          },
          "private": "eyJzZW5zaXRpdmVfYm9keSI6ImV5Sm9ZWE5vSWpvaVpFTk9UMjFMTDI1VFdTc3hNblpJZW1GelRGaHBjM2Q2YkVkVU5WVklRVGRxUVVkWmEzWnRRM1ZSY3owaWZRPT0ifQ==",
          "dependencies": [
            "data.azurerm_network_security_group.existing",
            "data.azurerm_resource_group.rg",
            "module.nsg.azurerm_management_lock.this",
            "module.nsg.azurerm_monitor_diagnostic_setting.this",
            "module.nsg.azurerm_network_security_group.this",
            "module.nsg.azurerm_network_security_rule.this",
            "module.nsg.azurerm_role_assignment.this",
            "module.nsg.data.azurerm_client_config.telemetry",
            "module.nsg.data.modtm_module_source.telemetry",
            "module.nsg.modtm_telemetry.telemetry",
            "module.nsg.random_uuid.telemetry",
            "module.rg.azurerm_management_lock.this",
            "module.rg.azurerm_resource_group.this",
            "module.rg.azurerm_role_assignment.this",
            "module.rg.data.azurerm_client_config.telemetry",
            "module.rg.data.azurerm_subscription.current",
            "module.rg.data.modtm_module_source.telemetry",
            "module.rg.modtm_telemetry.telemetry",
            "module.rg.random_uuid.telemetry",
            "module.vnet.azapi_resource.vnet",
            "module.vnet.azapi_update_resource.allow_drop_unencrypted_vnet",
            "module.vnet.data.azurerm_client_config.this",
            "module.vnet.module.subnet.azapi_update_resource.allow_deletion_of_ip_prefix_from_subnet",
            "module.vnet.module.subnet.azapi_update_resource.allow_multiple_address_prefixes_on_subnet",
            "module.vnet.module.subnet.azapi_update_resource.enable_shared_vnet"
          ]
        }
      ]
    },
    {
      "module": "module.vnet[\"vnet1\"].module.subnet[\"cind-pvt\"]",
      "mode": "managed",
      "type": "azapi_resource",
      "name": "subnet",
      "provider": "provider[\"registry.terraform.io/azure/azapi\"]",
      "instances": [
        {
          "schema_version": 2,
          "attributes": {
            "body": {
              "value": {
                "properties": {
                  "addressPrefix": null,
                  "addressPrefixes": [
                    "100.122.96.0/27"
                  ],
                  "defaultOutboundAccess": false,
                  "delegations": [],
                  "natGateway": null,
                  "networkSecurityGroup": null,
                  "privateEndpointNetworkPolicies": "Enabled",
                  "privateLinkServiceNetworkPolicies": "Enabled",
                  "routeTable": null,
                  "serviceEndpointPolicies": null,
                  "serviceEndpoints": [
                    {
                      "service": "Microsoft.KeyVault"
                    },
                    {
                      "service": "Microsoft.Storage"
                    }
                  ],
                  "sharingScope": null
                }
              },
              "type": [
                "object",
                {
                  "properties": [
                    "object",
                    {
                      "addressPrefix": "string",
                      "addressPrefixes": [
                        "list",
                        "string"
                      ],
                      "defaultOutboundAccess": "bool",
                      "delegations": [
                        "tuple",
                        []
                      ],
                      "natGateway": [
                        "object",
                        {
                          "id": "dynamic"
                        }
                      ],
                      "networkSecurityGroup": [
                        "object",
                        {
                          "id": "dynamic"
                        }
                      ],
                      "privateEndpointNetworkPolicies": "string",
                      "privateLinkServiceNetworkPolicies": "string",
                      "routeTable": [
                        "object",
                        {
                          "id": "dynamic"
                        }
                      ],
                      "serviceEndpointPolicies": "dynamic",
                      "serviceEndpoints": [
                        "tuple",
                        [
                          [
                            "object",
                            {
                              "service": "string"
                            }
                          ],
                          [
                            "object",
                            {
                              "service": "string"
                            }
                          ]
                        ]
                      ],
                      "sharingScope": "string"
                    }
                  ]
                }
              ]
            },
            "create_headers": null,
            "create_query_parameters": null,
            "delete_headers": null,
            "delete_query_parameters": null,
            "id": "/subscriptions/a0b36c09-679f-4dfb-829f-3b6685282dae/resourceGroups/madan-test/providers/Microsoft.Network/virtualNetworks/cind-claims/subnets/cind-pvt",
            "identity": [],
            "ignore_casing": false,
            "ignore_missing_property": true,
            "ignore_null_property": false,
            "location": null,
            "locks": [
              "/subscriptions/a0b36c09-679f-4dfb-829f-3b6685282dae/resourceGroups/madan-test/providers/Microsoft.Network/virtualNetworks/cind-claims"
            ],
            "name": "cind-pvt",
            "output": {
              "value": {
                "id": "/subscriptions/a0b36c09-679f-4dfb-829f-3b6685282dae/resourceGroups/madan-test/providers/Microsoft.Network/virtualNetworks/cind-claims/subnets/cind-pvt",
                "properties": {
                  "addressPrefixes": [
                    "100.122.96.0/27"
                  ],
                  "provisioningState": "Succeeded",
                  "serviceEndpoints": [
                    {
                      "locations": [
                        "*"
                      ],
                      "provisioningState": "Succeeded"
                    },
                    {
                      "locations": [
                        "centralindia",
                        "southindia"
                      ],
                      "provisioningState": "Succeeded"
                    }
                  ]
                },
                "type": "Microsoft.Network/virtualNetworks/subnets"
              },
              "type": [
                "object",
                {
                  "id": "string",
                  "properties": [
                    "object",
                    {
                      "addressPrefixes": [
                        "tuple",
                        [
                          "string"
                        ]
                      ],
                      "provisioningState": "string",
                      "serviceEndpoints": [
                        "tuple",
                        [
                          [
                            "object",
                            {
                              "locations": [
                                "tuple",
                                [
                                  "string"
                                ]
                              ],
                              "provisioningState": "string"
                            }
                          ],
                          [
                            "object",
                            {
                              "locations": [
                                "tuple",
                                [
                                  "string",
                                  "string"
                                ]
                              ],
                              "provisioningState": "string"
                            }
                          ]
                        ]
                      ]
                    }
                  ],
                  "type": "string"
                }
              ]
            },
            "parent_id": "/subscriptions/a0b36c09-679f-4dfb-829f-3b6685282dae/resourceGroups/madan-test/providers/Microsoft.Network/virtualNetworks/cind-claims",
            "read_headers": null,
            "read_query_parameters": null,
            "replace_triggers_external_values": null,
            "replace_triggers_refs": null,
            "response_export_values": null,
            "retry": null,
            "schema_validation_enabled": true,
            "sensitive_body": null,
            "sensitive_body_version": null,
            "tags": null,
            "timeouts": null,
            "type": "Microsoft.Network/virtualNetworks/subnets@2023-11-01",
            "update_headers": null,
            "update_query_parameters": null
          },
          "sensitive_attributes": [],
          "identity_schema_version": 0,
          "identity": {
            "id": "/subscriptions/a0b36c09-679f-4dfb-829f-3b6685282dae/resourceGroups/madan-test/providers/Microsoft.Network/virtualNetworks/cind-claims/subnets/cind-pvt",
            "type": null
          },
          "private": "eyJzZW5zaXRpdmVfYm9keSI6ImV5Sm9ZWE5vSWpvaVpFTk9UMjFMTDI1VFdTc3hNblpJZW1GelRGaHBjM2Q2YkVkVU5WVklRVGRxUVVkWmEzWnRRM1ZSY3owaWZRPT0ifQ==",
          "dependencies": [
            "data.azurerm_network_security_group.existing",
            "data.azurerm_resource_group.rg",
            "module.nsg.azurerm_management_lock.this",
            "module.nsg.azurerm_monitor_diagnostic_setting.this",
            "module.nsg.azurerm_network_security_group.this",
            "module.nsg.azurerm_network_security_rule.this",
            "module.nsg.azurerm_role_assignment.this",
            "module.nsg.data.azurerm_client_config.telemetry",
            "module.nsg.data.modtm_module_source.telemetry",
            "module.nsg.modtm_telemetry.telemetry",
            "module.nsg.random_uuid.telemetry",
            "module.rg.azurerm_management_lock.this",
            "module.rg.azurerm_resource_group.this",
            "module.rg.azurerm_role_assignment.this",
            "module.rg.data.azurerm_client_config.telemetry",
            "module.rg.data.azurerm_subscription.current",
            "module.rg.data.modtm_module_source.telemetry",
            "module.rg.modtm_telemetry.telemetry",
            "module.rg.random_uuid.telemetry",
            "module.vnet.azapi_resource.vnet",
            "module.vnet.azapi_update_resource.allow_drop_unencrypted_vnet",
            "module.vnet.data.azurerm_client_config.this",
            "module.vnet.module.subnet.azapi_update_resource.allow_deletion_of_ip_prefix_from_subnet",
            "module.vnet.module.subnet.azapi_update_resource.allow_multiple_address_prefixes_on_subnet",
            "module.vnet.module.subnet.azapi_update_resource.enable_shared_vnet"
          ]
        }
      ]
    }
  ],
  "check_results": [
    {
      "object_kind": "var",
      "config_addr": "module.privatednszone.module.ptr_record.var.domain_names",
      "status": "pass",
      "objects": null
    },
    {
      "object_kind": "var",
      "config_addr": "module.privatednszone.module.cname_record.var.timeouts",
      "status": "pass",
      "objects": null
    },
    {
      "object_kind": "var",
      "config_addr": "module.privatednszone.module.cname_record.var.ttl",
      "status": "pass",
      "objects": null
    },
    {
      "object_kind": "var",
      "config_addr": "module.privatednszone.module.a_record.var.ttl",
      "status": "pass",
      "objects": null
    },
    {
      "object_kind": "var",
      "config_addr": "module.privatednszone.module.aaaa_record.var.name",
      "status": "pass",
      "objects": null
    },
    {
      "object_kind": "var",
      "config_addr": "module.privatednszone.module.avm_interfaces.var.diagnostic_settings",
      "status": "pass",
      "objects": [
        {
          "object_addr": "module.privatednszone.module.avm_interfaces.var.diagnostic_settings",
          "status": "pass"
        }
      ]
    },
    {
      "object_kind": "var",
      "config_addr": "module.privatednszone.module.txt_record.var.parent_id",
      "status": "pass",
      "objects": null
    },
    {
      "object_kind": "var",
      "config_addr": "module.rg.var.name",
      "status": "pass",
      "objects": null
    },
    {
      "object_kind": "var",
      "config_addr": "module.nsg.var.diagnostic_settings",
      "status": "pass",
      "objects": null
    },
    {
      "object_kind": "var",
      "config_addr": "module.privatednszone.var.cname_records",
      "status": "pass",
      "objects": [
        {
          "object_addr": "module.privatednszone.var.cname_records",
          "status": "pass"
        }
      ]
    },
    {
      "object_kind": "var",
      "config_addr": "module.privatednszone.module.srv_record.var.parent_id",
      "status": "pass",
      "objects": null
    },
    {
      "object_kind": "var",
      "config_addr": "module.vnet.var.extended_location",
      "status": "pass",
      "objects": [
        {
          "object_addr": "module.vnet[\"vnet1\"].var.extended_location",
          "status": "pass"
        }
      ]
    },
    {
      "object_kind": "var",
      "config_addr": "module.privatednszone.var.ptr_records",
      "status": "pass",
      "objects": [
        {
          "object_addr": "module.privatednszone.var.ptr_records",
          "status": "pass"
        }
      ]
    },
    {
      "object_kind": "var",
      "config_addr": "module.privatednszone.module.aaaa_record.var.parent_id",
      "status": "pass",
      "objects": null
    },
    {
      "object_kind": "var",
      "config_addr": "module.privatednszone.module.mx_record.var.name",
      "status": "pass",
      "objects": null
    },
    {
      "object_kind": "var",
      "config_addr": "module.privatednszone.module.avm_interfaces.var.private_endpoints_scope",
      "status": "pass",
      "objects": [
        {
          "object_addr": "module.privatednszone.module.avm_interfaces.var.private_endpoints_scope",
          "status": "pass"
        }
      ]
    },
    {
      "object_kind": "var",
      "config_addr": "module.privatednszone.module.mx_record.var.timeouts",
      "status": "pass",
      "objects": null
    },
    {
      "object_kind": "var",
      "config_addr": "module.privatednszone.module.ptr_record.var.name",
      "status": "pass",
      "objects": null
    },
    {
      "object_kind": "var",
      "config_addr": "module.rg.var.role_assignments",
      "status": "pass",
      "objects": null
    },
    {
      "object_kind": "var",
      "config_addr": "module.vnet.module.peering.var.reverse_peer_complete_vnets",
      "status": "pass",
      "objects": null
    },
    {
      "object_kind": "var",
      "config_addr": "module.vnet.module.subnet.var.sharing_scope",
      "status": "pass",
      "objects": [
        {
          "object_addr": "module.vnet[\"vnet1\"].module.subnet[\"cind-cosmosdb\"].var.sharing_scope",
          "status": "pass"
        },
        {
          "object_addr": "module.vnet[\"vnet1\"].module.subnet[\"cind-funtionsapp\"].var.sharing_scope",
          "status": "pass"
        },
        {
          "object_addr": "module.vnet[\"vnet1\"].module.subnet[\"cind-pvt\"].var.sharing_scope",
          "status": "pass"
        },
        {
          "object_addr": "module.vnet[\"vnet1\"].module.subnet[\"cind-aiservice\"].var.sharing_scope",
          "status": "pass"
        }
      ]
    },
    {
      "object_kind": "var",
      "config_addr": "module.privatednszone.module.aaaa_record.var.ttl",
      "status": "pass",
      "objects": null
    },
    {
      "object_kind": "var",
      "config_addr": "module.privatednszone.module.cname_record.var.parent_id",
      "status": "pass",
      "objects": null
    },
    {
      "object_kind": "var",
      "config_addr": "module.nsg.var.lock",
      "status": "pass",
      "objects": null
    },
    {
      "object_kind": "var",
      "config_addr": "module.vnet.var.subnets",
      "status": "pass",
      "objects": [
        {
          "object_addr": "module.vnet[\"vnet1\"].var.subnets",
          "status": "pass"
        }
      ]
    },
    {
      "object_kind": "var",
      "config_addr": "module.privatednszone.module.srv_record.var.records",
      "status": "pass",
      "objects": null
    },
    {
      "object_kind": "var",
      "config_addr": "module.rg.var.lock",
      "status": "pass",
      "objects": null
    },
    {
      "object_kind": "var",
      "config_addr": "module.privatednszone.var.parent_id",
      "status": "pass",
      "objects": [
        {
          "object_addr": "module.privatednszone.var.parent_id",
          "status": "pass"
        }
      ]
    },
    {
      "object_kind": "var",
      "config_addr": "module.privatednszone.module.virtual_network_links.var.parent_id",
      "status": "pass",
      "objects": null
    },
    {
      "object_kind": "var",
      "config_addr": "module.privatednszone.module.txt_record.var.timeouts",
      "status": "pass",
      "objects": null
    },
    {
      "object_kind": "var",
      "config_addr": "module.vnet.module.peering.var.peer_complete_vnets",
      "status": "pass",
      "objects": null
    },
    {
      "object_kind": "var",
      "config_addr": "module.privatednszone.module.virtual_network_links.var.name",
      "status": "pass",
      "objects": null
    },
    {
      "object_kind": "var",
      "config_addr": "module.vnet.var.lock",
      "status": "pass",
      "objects": [
        {
          "object_addr": "module.vnet[\"vnet1\"].var.lock",
          "status": "pass"
        }
      ]
    },
    {
      "object_kind": "var",
      "config_addr": "module.privatednszone.var.aaaa_records",
      "status": "pass",
      "objects": [
        {
          "object_addr": "module.privatednszone.var.aaaa_records",
          "status": "pass"
        }
      ]
    },
    {
      "object_kind": "var",
      "config_addr": "module.privatednszone.module.mx_record.var.records",
      "status": "pass",
      "objects": null
    },
    {
      "object_kind": "var",
      "config_addr": "module.privatednszone.module.txt_record.var.records",
      "status": "pass",
      "objects": null
    },
    {
      "object_kind": "var",
      "config_addr": "module.privatednszone.module.mx_record.var.ttl",
      "status": "pass",
      "objects": null
    },
    {
      "object_kind": "var",
      "config_addr": "module.privatednszone.module.srv_record.var.name",
      "status": "pass",
      "objects": null
    },
    {
      "object_kind": "var",
      "config_addr": "module.privatednszone.var.a_records",
      "status": "pass",
      "objects": [
        {
          "object_addr": "module.privatednszone.var.a_records",
          "status": "pass"
        }
      ]
    },
    {
      "object_kind": "var",
      "config_addr": "module.privatednszone.module.mx_record.var.parent_id",
      "status": "pass",
      "objects": null
    },
    {
      "object_kind": "var",
      "config_addr": "module.privatednszone.module.srv_record.var.ttl",
      "status": "pass",
      "objects": null
    },
    {
      "object_kind": "var",
      "config_addr": "module.nsg.var.name",
      "status": "pass",
      "objects": null
    },
    {
      "object_kind": "var",
      "config_addr": "module.privatednszone.module.a_record.var.ip_addresses",
      "status": "pass",
      "objects": null
    },
    {
      "object_kind": "var",
      "config_addr": "module.privatednszone.module.avm_interfaces.var.lock",
      "status": "pass",
      "objects": [
        {
          "object_addr": "module.privatednszone.module.avm_interfaces.var.lock",
          "status": "pass"
        }
      ]
    },
    {
      "object_kind": "var",
      "config_addr": "module.privatednszone.module.a_record.var.name",
      "status": "pass",
      "objects": null
    },
    {
      "object_kind": "var",
      "config_addr": "module.privatednszone.module.srv_record.var.timeouts",
      "status": "pass",
      "objects": null
    },
    {
      "object_kind": "var",
      "config_addr": "module.vnet.module.subnet.var.address_prefixes",
      "status": "pass",
      "objects": [
        {
          "object_addr": "module.vnet[\"vnet1\"].module.subnet[\"cind-pvt\"].var.address_prefixes",
          "status": "pass"
        },
        {
          "object_addr": "module.vnet[\"vnet1\"].module.subnet[\"cind-aiservice\"].var.address_prefixes",
          "status": "pass"
        },
        {
          "object_addr": "module.vnet[\"vnet1\"].module.subnet[\"cind-cosmosdb\"].var.address_prefixes",
          "status": "pass"
        },
        {
          "object_addr": "module.vnet[\"vnet1\"].module.subnet[\"cind-funtionsapp\"].var.address_prefixes",
          "status": "pass"
        }
      ]
    },
    {
      "object_kind": "var",
      "config_addr": "module.vnet.var.encryption",
      "status": "pass",
      "objects": [
        {
          "object_addr": "module.vnet[\"vnet1\"].var.encryption",
          "status": "pass"
        }
      ]
    },
    {
      "object_kind": "var",
      "config_addr": "module.privatednszone.module.virtual_network_links.var.resolution_policy",
      "status": "pass",
      "objects": null
    },
    {
      "object_kind": "var",
      "config_addr": "module.privatednszone.module.a_record.var.parent_id",
      "status": "pass",
      "objects": null
    },
    {
      "object_kind": "var",
      "config_addr": "module.privatednszone.module.a_record.var.timeouts",
      "status": "pass",
      "objects": null
    },
    {
      "object_kind": "var",
      "config_addr": "module.vnet.var.diagnostic_settings",
      "status": "pass",
      "objects": [
        {
          "object_addr": "module.vnet[\"vnet1\"].var.diagnostic_settings",
          "status": "pass"
        }
      ]
    },
    {
      "object_kind": "var",
      "config_addr": "module.privatednszone.var.virtual_network_links",
      "status": "pass",
      "objects": [
        {
          "object_addr": "module.privatednszone.var.virtual_network_links",
          "status": "pass"
        }
      ]
    },
    {
      "object_kind": "var",
      "config_addr": "module.privatednszone.module.aaaa_record.var.timeouts",
      "status": "pass",
      "objects": null
    },
    {
      "object_kind": "var",
      "config_addr": "module.vnet.var.address_space",
      "status": "pass",
      "objects": [
        {
          "object_addr": "module.vnet[\"vnet1\"].var.address_space",
          "status": "pass"
        }
      ]
    },
    {
      "object_kind": "var",
      "config_addr": "module.privatednszone.module.virtual_network_links.var.virtual_network_id",
      "status": "pass",
      "objects": null
    },
    {
      "object_kind": "var",
      "config_addr": "module.privatednszone.module.avm_interfaces.var.role_assignment_definition_scope",
      "status": "pass",
      "objects": [
        {
          "object_addr": "module.privatednszone.module.avm_interfaces.var.role_assignment_definition_scope",
          "status": "pass"
        }
      ]
    },
    {
      "object_kind": "var",
      "config_addr": "module.privatednszone.module.ptr_record.var.parent_id",
      "status": "pass",
      "objects": null
    },
    {
      "object_kind": "var",
      "config_addr": "module.vnet.module.subnet.var.private_endpoint_network_policies",
      "status": "pass",
      "objects": [
        {
          "object_addr": "module.vnet[\"vnet1\"].module.subnet[\"cind-funtionsapp\"].var.private_endpoint_network_policies",
          "status": "pass"
        },
        {
          "object_addr": "module.vnet[\"vnet1\"].module.subnet[\"cind-pvt\"].var.private_endpoint_network_policies",
          "status": "pass"
        },
        {
          "object_addr": "module.vnet[\"vnet1\"].module.subnet[\"cind-aiservice\"].var.private_endpoint_network_policies",
          "status": "pass"
        },
        {
          "object_addr": "module.vnet[\"vnet1\"].module.subnet[\"cind-cosmosdb\"].var.private_endpoint_network_policies",
          "status": "pass"
        }
      ]
    },
    {
      "object_kind": "var",
      "config_addr": "module.privatednszone.module.txt_record.var.ttl",
      "status": "pass",
      "objects": null
    },
    {
      "object_kind": "var",
      "config_addr": "module.privatednszone.module.cname_record.var.name",
      "status": "pass",
      "objects": null
    },
    {
      "object_kind": "var",
      "config_addr": "module.privatednszone.module.cname_record.var.cname",
      "status": "pass",
      "objects": null
    },
    {
      "object_kind": "var",
      "config_addr": "module.privatednszone.module.txt_record.var.name",
      "status": "pass",
      "objects": null
    },
    {
      "object_kind": "var",
      "config_addr": "module.privatednszone.module.ptr_record.var.timeouts",
      "status": "pass",
      "objects": null
    },
    {
      "object_kind": "var",
      "config_addr": "module.privatednszone.module.virtual_network_links.var.timeouts",
      "status": "pass",
      "objects": null
    },
    {
      "object_kind": "var",
      "config_addr": "module.privatednszone.module.ptr_record.var.ttl",
      "status": "pass",
      "objects": null
    }
  ]
}
